
Microsoft Visual Studio Solution File, Format Version 12.00
# Visual Studio Version 17
VisualStudioVersion = 17.4.33205.214
MinimumVisualStudioVersion = 10.0.40219.1
Project("{9A19103F-16F7-4668-BE54-9A1E7A4F7556}") = "MyStore", "MyStore\MyStore.csproj", "{71F28659-28F9-4CAE-B82C-9A6394B96E18}"
EndProject
Global
	GlobalSection(SolutionConfigurationPlatforms) = preSolution
		Debug|Any CPU = Debug|Any CPU
		Release|Any CPU = Release|Any CPU
	EndGlobalSection
	GlobalSection(ProjectConfigurationPlatforms) = postSolution
		{71F28659-28F9-4CAE-B82C-9A6394B96E18}.Debug|Any CPU.ActiveCfg = Debug|Any CPU
		{71F28659-28F9-4CAE-B82C-9A6394B96E18}.Debug|Any CPU.Build.0 = Debug|Any CPU
		{71F28659-28F9-4CAE-B82C-9A6394B96E18}.Release|Any CPU.ActiveCfg = Release|Any CPU
		{71F28659-28F9-4CAE-B82C-9A6394B96E18}.Release|Any CPU.Build.0 = Release|Any CPU
	EndGlobalSection
	GlobalSection(SolutionProperties) = preSolution
		HideSolutionNode = FALSE
	EndGlobalSection
	GlobalSection(ExtensibilityGlobals) = postSolution
		SolutionGuid = {79DCE1FC-22DC-45AC-A4B5-1AFAD33741FF}
	EndGlobalSection
EndGlobal
